{
  "name": "defi-simplify-aave-address-book-updater",
  "requires": true,
  "lockfileVersion": 1,
  "dependencies": {
    "@aave-dao/aave-address-book": {
      "version": "4.60.0",
      "resolved": "https://registry.npmjs.org/@aave-dao/aave-address-book/-/aave-address-book-4.60.0.tgz",
      "integrity": "sha512-wwnhAM8CjsGiMGbGEdVct2NOuqYYr5GzwlPyKC/pJGcMbkoUWSI8OPIYG/xG7y38iy8fYtIohoq6fn+8X2dGtg=="
    }
  }
}
