{
  "name": "defi-simplify-aave-address-book-updater",
  "lockfileVersion": 3,
  "requires": true,
  "packages": {
    "": {
      "name": "defi-simplify-aave-address-book-updater",
      "dependencies": {
        "@aave-dao/aave-address-book": "4.68.3"
      }
    },
    "node_modules/@aave-dao/aave-address-book": {
      "version": "4.68.3",
      "resolved": "https://registry.npmjs.org/@aave-dao/aave-address-book/-/aave-address-book-4.68.3.tgz",
      "integrity": "sha512-byV2RfsobICN5DTM3HsYfeKVZOPXkIFJ8FG7UsvsiljqbTMiRbhleCGiqKMI8RLN7xgdM+0t3XwGjerHN5n3pg==",
      "license": "MIT",
      "workspaces": [
        "ui"
      ],
      "peerDependencies": {
        "viem": "^2.23.5"
      }
    }
  }
}
