{
  "name": "defi-simplify-aave-address-book-updater",
  "lockfileVersion": 3,
  "requires": true,
  "packages": {
    "": {
      "name": "defi-simplify-aave-address-book-updater",
      "dependencies": {
        "@aave-dao/aave-address-book": "4.70.3"
      }
    },
    "node_modules/@aave-dao/aave-address-book": {
      "version": "4.70.3",
      "resolved": "https://registry.npmjs.org/@aave-dao/aave-address-book/-/aave-address-book-4.70.3.tgz",
      "integrity": "sha512-CV/JuIdlo3fL0pTuXCXH4oEntJV8rMxqjMbYrDVxDnrqkl1bwHgViYzzc0jmYTr9eSM1w1bIYca8Oh3MlVwNZw==",
      "license": "MIT",
      "workspaces": [
        "ui"
      ],
      "peerDependencies": {
        "viem": "^2.23.5"
      }
    }
  }
}
